github.com/hanesbarbosa/phe v1.0.0 h1:ULtfFzx62/KSzi7yFeImVp0cfyLvIn0uFyfMPX5roNs=
github.com/hanesbarbosa/phe v1.0.0/go.mod h1:N+BmZJ8lQyXEk/IQHoo/wQUt6UYDdj46sn1r8qclYRs=
github.com/hanesbarbosa/phe v1.0.1 h1:BPNBuR4y3uF0st8vt7BH7+qucr3HvqwNFac6DZePLjc=
github.com/hanesbarbosa/phe v1.0.1/go.mod h1:N+BmZJ8lQyXEk/IQHoo/wQUt6UYDdj46sn1r8qclYRs=
github.com/hanesbarbosa/phe v1.0.2 h1:1VpS1Alq6rY7Y/1kPmt53XY9qYWKqt7d5MJj86gQdfQ=
github.com/hanesbarbosa/phe v1.0.2/go.mod h1:N+BmZJ8lQyXEk/IQHoo/wQUt6UYDdj46sn1r8qclYRs=
